# This file is autogenerated, do not edit; changes may be undone by the next 'dep ensure'.


[[projects]]
  name = "github.com/tealeg/xlsx"
  packages = ["."]
  revision = "f36fa3be8893d528004c0938e06b65c67f69b76f"

[solve-meta]
  analyzer-name = "dep"
  analyzer-version = 1
  inputs-digest = "38a47bc74abd865d8f622c5e7a022919a0e6f5725aa4ef887e46b74ec9a81317"
  solver-name = "gps-cdcl"
  solver-version = 1
